
Microsoft Visual Studio Solution File, Format Version 12.00
# Visual Studio Version 16
VisualStudioVersion = 16.0.31205.134
MinimumVisualStudioVersion = 10.0.40219.1
Project("{FAE04EC0-301F-11D3-BF4B-00C04F79EFBC}") = "HowartsAPI", "HowartsAPI\HowartsAPI.csproj", "{10A7EBFF-571B-4C1B-A046-B489111BF77B}"
EndProject
Global
	GlobalSection(SolutionConfigurationPlatforms) = preSolution
		Debug|Any CPU = Debug|Any CPU
		Release|Any CPU = Release|Any CPU
	EndGlobalSection
	GlobalSection(ProjectConfigurationPlatforms) = postSolution
		{10A7EBFF-571B-4C1B-A046-B489111BF77B}.Debug|Any CPU.ActiveCfg = Debug|Any CPU
		{10A7EBFF-571B-4C1B-A046-B489111BF77B}.Debug|Any CPU.Build.0 = Debug|Any CPU
		{10A7EBFF-571B-4C1B-A046-B489111BF77B}.Release|Any CPU.ActiveCfg = Release|Any CPU
		{10A7EBFF-571B-4C1B-A046-B489111BF77B}.Release|Any CPU.Build.0 = Release|Any CPU
	EndGlobalSection
	GlobalSection(SolutionProperties) = preSolution
		HideSolutionNode = FALSE
	EndGlobalSection
	GlobalSection(ExtensibilityGlobals) = postSolution
		SolutionGuid = {DBA35BBA-606E-4D67-BB6E-F12397B56D4D}
	EndGlobalSection
EndGlobal
